
Microsoft Visual Studio Solution File, Format Version 12.00
# Visual Studio Express 2013 for Windows Desktop
VisualStudioVersion = 12.0.30723.0
MinimumVisualStudioVersion = 10.0.40219.1
Project("{FAE04EC0-301F-11D3-BF4B-00C04F79EFBC}") = "HelloWorld", "HelloWorld\HelloWorld.csproj", "{2F886802-4C0F-4A1A-8B10-F067B7903731}"
EndProject
Project("{FAE04EC0-301F-11D3-BF4B-00C04F79EFBC}") = "HelloCSharp", "HelloCSharp\HelloCSharp.csproj", "{E480F063-E2CA-4B75-9EE4-70A79197DFB1}"
EndProject
Global
	GlobalSection(SolutionConfigurationPlatforms) = preSolution
		Debug|Any CPU = Debug|Any CPU
		Release|Any CPU = Release|Any CPU
	EndGlobalSection
	GlobalSection(ProjectConfigurationPlatforms) = postSolution
		{2F886802-4C0F-4A1A-8B10-F067B7903731}.Debug|Any CPU.ActiveCfg = Debug|Any CPU
		{2F886802-4C0F-4A1A-8B10-F067B7903731}.Debug|Any CPU.Build.0 = Debug|Any CPU
		{2F886802-4C0F-4A1A-8B10-F067B7903731}.Release|Any CPU.ActiveCfg = Release|Any CPU
		{2F886802-4C0F-4A1A-8B10-F067B7903731}.Release|Any CPU.Build.0 = Release|Any CPU
		{E480F063-E2CA-4B75-9EE4-70A79197DFB1}.Debug|Any CPU.ActiveCfg = Debug|Any CPU
		{E480F063-E2CA-4B75-9EE4-70A79197DFB1}.Debug|Any CPU.Build.0 = Debug|Any CPU
		{E480F063-E2CA-4B75-9EE4-70A79197DFB1}.Release|Any CPU.ActiveCfg = Release|Any CPU
		{E480F063-E2CA-4B75-9EE4-70A79197DFB1}.Release|Any CPU.Build.0 = Release|Any CPU
	EndGlobalSection
	GlobalSection(SolutionProperties) = preSolution
		HideSolutionNode = FALSE
	EndGlobalSection
EndGlobal
